
Microsoft Visual Studio Solution File, Format Version 12.00
# Visual Studio Version 16
VisualStudioVersion = 16.0.30517.126
MinimumVisualStudioVersion = 10.0.40219.1
Project("{FAE04EC0-301F-11D3-BF4B-00C04F79EFBC}") = "TextAdventure", "TextAdventure.csproj", "{70F9A699-2BCC-4D9B-BF7F-05EB1889AF29}"
EndProject
Global
	GlobalSection(SolutionConfigurationPlatforms) = preSolution
		Debug|Any CPU = Debug|Any CPU
		Release|Any CPU = Release|Any CPU
	EndGlobalSection
	GlobalSection(ProjectConfigurationPlatforms) = postSolution
		{70F9A699-2BCC-4D9B-BF7F-05EB1889AF29}.Debug|Any CPU.ActiveCfg = Debug|Any CPU
		{70F9A699-2BCC-4D9B-BF7F-05EB1889AF29}.Debug|Any CPU.Build.0 = Debug|Any CPU
		{70F9A699-2BCC-4D9B-BF7F-05EB1889AF29}.Release|Any CPU.ActiveCfg = Release|Any CPU
		{70F9A699-2BCC-4D9B-BF7F-05EB1889AF29}.Release|Any CPU.Build.0 = Release|Any CPU
	EndGlobalSection
	GlobalSection(SolutionProperties) = preSolution
		HideSolutionNode = FALSE
	EndGlobalSection
	GlobalSection(ExtensibilityGlobals) = postSolution
		SolutionGuid = {C44EB53F-4B1F-42A3-83F5-796483809AA0}
	EndGlobalSection
EndGlobal
